
Microsoft Visual Studio Solution File, Format Version 12.00
# Visual Studio Version 17
VisualStudioVersion = 17.7.34221.43
MinimumVisualStudioVersion = 10.0.40219.1
Project("{FAE04EC0-301F-11D3-BF4B-00C04F79EFBC}") = "Employeedetails", "Employeedetails\Employeedetails.csproj", "{B6FE0C77-D102-4ACC-9B8E-353D27ADE45B}"
EndProject
Global
	GlobalSection(SolutionConfigurationPlatforms) = preSolution
		Debug|Any CPU = Debug|Any CPU
		Release|Any CPU = Release|Any CPU
	EndGlobalSection
	GlobalSection(ProjectConfigurationPlatforms) = postSolution
		{B6FE0C77-D102-4ACC-9B8E-353D27ADE45B}.Debug|Any CPU.ActiveCfg = Debug|Any CPU
		{B6FE0C77-D102-4ACC-9B8E-353D27ADE45B}.Debug|Any CPU.Build.0 = Debug|Any CPU
		{B6FE0C77-D102-4ACC-9B8E-353D27ADE45B}.Release|Any CPU.ActiveCfg = Release|Any CPU
		{B6FE0C77-D102-4ACC-9B8E-353D27ADE45B}.Release|Any CPU.Build.0 = Release|Any CPU
	EndGlobalSection
	GlobalSection(SolutionProperties) = preSolution
		HideSolutionNode = FALSE
	EndGlobalSection
	GlobalSection(ExtensibilityGlobals) = postSolution
		SolutionGuid = {E2288CF0-0C3F-4C49-A9D2-CDE5182B7FA4}
	EndGlobalSection
EndGlobal
